github.com/alvinlander/learn-go-mod v1.0.0 h1:eammWNnBAllfUeGfAnshGqG65MgPI01RAi722PeHNiA=
github.com/alvinlander/learn-go-mod v1.0.0/go.mod h1:VrGY4XE+xeb+yhF5WReXncGeGzAbJpX6oWhVifdOyaQ=
github.com/alvinlander/learn-go-mod v1.5.0 h1:tc1urSowBC/vkMAHw7zz7/6ReJoui3DJi9gEcvEQ0kw=
github.com/alvinlander/learn-go-mod v1.5.0/go.mod h1:VrGY4XE+xeb+yhF5WReXncGeGzAbJpX6oWhVifdOyaQ=
github.com/alvinlander/learn-go-mod/v2 v2.0.0 h1:80WixG9mqKO8CkrNG71r/bVZBxv8ErVzj5CAeb+ZfoM=
github.com/alvinlander/learn-go-mod/v2 v2.0.0/go.mod h1:e0vwHlsOqsKzZpzlZfxYeUfV3qjXnctuD7wNWsZ+Elc=
